// !$*UTF8*$!
{
	archiveVersion = 1;
	classes = {
	};
	objectVersion = 46;
	objects = {

/* Begin PBXBuildFile section */
		7BB611DA197DFFF100262C83 /* CalcHistViewController.mm in Sources */ = {isa = PBXBuildFile; fileRef = 7BB611D9197DFFF100262C83 /* CalcHistViewController.mm */; };
		7BB611DC197E00FF00262C83 /* scenery_new.jpg in Resources */ = {isa = PBXBuildFile; fileRef = 7BB611DB197E00FF00262C83 /* scenery_new.jpg */; };
		7BB611E0197E1B2F00262C83 /* hand_one.jpg in Resources */ = {isa = PBXBuildFile; fileRef = 7BB611DD197E1B2F00262C83 /* hand_one.jpg */; };
		7BB611E1197E1B2F00262C83 /* hand_three.jpg in Resources */ = {isa = PBXBuildFile; fileRef = 7BB611DE197E1B2F00262C83 /* hand_three.jpg */; };
		7BB611E2197E1B2F00262C83 /* hand_two.jpg in Resources */ = {isa = PBXBuildFile; fileRef = 7BB611DF197E1B2F00262C83 /* hand_two.jpg */; };
		7BB611E5197E1B6C00262C83 /* CompareHistViewController.mm in Sources */ = {isa = PBXBuildFile; fileRef = 7BB611E4197E1B6C00262C83 /* CompareHistViewController.mm */; };
		7BB6CFB01980AC0400F2AAFA /* fish_demo.jpg in Resources */ = {isa = PBXBuildFile; fileRef = 7BB6CFAF1980AC0400F2AAFA /* fish_demo.jpg */; };
		7BB6CFB31980AD8100F2AAFA /* ContoursViewController.mm in Sources */ = {isa = PBXBuildFile; fileRef = 7BB6CFB21980AD8100F2AAFA /* ContoursViewController.mm */; };
		7BB6CFB61980C12100F2AAFA /* ConvexHullViewController.mm in Sources */ = {isa = PBXBuildFile; fileRef = 7BB6CFB51980C12100F2AAFA /* ConvexHullViewController.mm */; };
		7BB6CFB81980EBFB00F2AAFA /* balloon_demo.jpg in Resources */ = {isa = PBXBuildFile; fileRef = 7BB6CFB71980EBFB00F2AAFA /* balloon_demo.jpg */; };
		7BB6CFBB1980ECC000F2AAFA /* BoundsViewController.mm in Sources */ = {isa = PBXBuildFile; fileRef = 7BB6CFBA1980ECC000F2AAFA /* BoundsViewController.mm */; };
		7BBD12F8197F50100002A1EA /* hand_demo_one.jpg in Resources */ = {isa = PBXBuildFile; fileRef = 7BBD12F6197F50100002A1EA /* hand_demo_one.jpg */; };
		7BBD12F9197F50100002A1EA /* hand_demo_two.jpg in Resources */ = {isa = PBXBuildFile; fileRef = 7BBD12F7197F50100002A1EA /* hand_demo_two.jpg */; };
		7BBD12FC197F5BD20002A1EA /* BackProjectViewController.mm in Sources */ = {isa = PBXBuildFile; fileRef = 7BBD12FB197F5BD20002A1EA /* BackProjectViewController.mm */; };
		7BBD12FF197F9EF20002A1EA /* person_one.jpg in Resources */ = {isa = PBXBuildFile; fileRef = 7BBD12FD197F9EF20002A1EA /* person_one.jpg */; };
		7BBD1300197F9EF20002A1EA /* person_temp.jpg in Resources */ = {isa = PBXBuildFile; fileRef = 7BBD12FE197F9EF20002A1EA /* person_temp.jpg */; };
		7BBD1303197F9F190002A1EA /* MatchTempViewController.mm in Sources */ = {isa = PBXBuildFile; fileRef = 7BBD1302197F9F190002A1EA /* MatchTempViewController.mm */; };
		7BBD132E197FAB030002A1EA /* lena_temp.jpg in Resources */ = {isa = PBXBuildFile; fileRef = 7BBD132D197FAB030002A1EA /* lena_temp.jpg */; };
		7BC04AAA196E3FFE0021AD2F /* ImgBlurViewController.mm in Sources */ = {isa = PBXBuildFile; fileRef = 7BC04AA9196E3FFE0021AD2F /* ImgBlurViewController.mm */; };
		7BC04AAC196E70040021AD2F /* cat.jpg in Resources */ = {isa = PBXBuildFile; fileRef = 7BC04AAB196E70040021AD2F /* cat.jpg */; };
		7BC04AAF196E705F0021AD2F /* ErosionViewController.mm in Sources */ = {isa = PBXBuildFile; fileRef = 7BC04AAE196E705F0021AD2F /* ErosionViewController.mm */; };
		7BC06F11196F8C0000F9FC1A /* monkey.jpg in Resources */ = {isa = PBXBuildFile; fileRef = 7BC06F10196F8C0000F9FC1A /* monkey.jpg */; };
		7BC06F14196F8C6C00F9FC1A /* MorphoViewController.mm in Sources */ = {isa = PBXBuildFile; fileRef = 7BC06F13196F8C6C00F9FC1A /* MorphoViewController.mm */; };
		7BC291CE1966B1D000813B1C /* MatMaskViewController.mm in Sources */ = {isa = PBXBuildFile; fileRef = 7BC291CD1966B1D000813B1C /* MatMaskViewController.mm */; };
		7BC2A2AA1964FB4900B93CC2 /* BaseViewController.m in Sources */ = {isa = PBXBuildFile; fileRef = 7BC2A2A81964FB4900B93CC2 /* BaseViewController.m */; };
		7BC2A2AD1964FB8F00B93CC2 /* MainViewController.m in Sources */ = {isa = PBXBuildFile; fileRef = 7BC2A2AC1964FB8F00B93CC2 /* MainViewController.m */; };
		7BC2A2B11964FCC900B93CC2 /* btn_cancel_normal.png in Resources */ = {isa = PBXBuildFile; fileRef = 7BC2A2AF1964FCC900B93CC2 /* btn_cancel_normal.png */; };
		7BC2A2B21964FCC900B93CC2 /* btn_cancel_pressed.png in Resources */ = {isa = PBXBuildFile; fileRef = 7BC2A2B01964FCC900B93CC2 /* btn_cancel_pressed.png */; };
		7BC2A2B91965062B00B93CC2 /* CoreMenuViewController.m in Sources */ = {isa = PBXBuildFile; fileRef = 7BC2A2B81965062B00B93CC2 /* CoreMenuViewController.m */; };
		7BC2A2BC1965086800B93CC2 /* ImageProViewController.m in Sources */ = {isa = PBXBuildFile; fileRef = 7BC2A2BB1965086800B93CC2 /* ImageProViewController.m */; };
		7BC2A2BF196508BF00B93CC2 /* ThreeDimsViewController.m in Sources */ = {isa = PBXBuildFile; fileRef = 7BC2A2BE196508BF00B93CC2 /* ThreeDimsViewController.m */; };
		7BC2A2C21965090800B93CC2 /* HighGUIViewController.m in Sources */ = {isa = PBXBuildFile; fileRef = 7BC2A2C11965090800B93CC2 /* HighGUIViewController.m */; };
		7BC2A2C51965244300B93CC2 /* BaseMatViewController.mm in Sources */ = {isa = PBXBuildFile; fileRef = 7BC2A2C41965244300B93CC2 /* BaseMatViewController.mm */; };
		7BC2A2C8196525B100B93CC2 /* WebViewController.m in Sources */ = {isa = PBXBuildFile; fileRef = 7BC2A2C7196525B100B93CC2 /* WebViewController.m */; };
		7BC2A2CB196533A500B93CC2 /* OpenCVUtility.mm in Sources */ = {isa = PBXBuildFile; fileRef = 7BC2A2CA196533A500B93CC2 /* OpenCVUtility.mm */; };
		7BC2A2CD196547BA00B93CC2 /* common_bacArrow@2x.png in Resources */ = {isa = PBXBuildFile; fileRef = 7BC2A2CC196547BA00B93CC2 /* common_bacArrow@2x.png */; };
		7BC2A2D019654A6C00B93CC2 /* ScanningViewController.mm in Sources */ = {isa = PBXBuildFile; fileRef = 7BC2A2CF19654A6C00B93CC2 /* ScanningViewController.mm */; };
		7BC47EF6196143C800EC945A /* Foundation.framework in Frameworks */ = {isa = PBXBuildFile; fileRef = 7BC47EF5196143C800EC945A /* Foundation.framework */; };
		7BC47EF8196143C800EC945A /* CoreGraphics.framework in Frameworks */ = {isa = PBXBuildFile; fileRef = 7BC47EF7196143C800EC945A /* CoreGraphics.framework */; };
		7BC47EFA196143C800EC945A /* UIKit.framework in Frameworks */ = {isa = PBXBuildFile; fileRef = 7BC47EF9196143C800EC945A /* UIKit.framework */; };
		7BC47F00196143C800EC945A /* InfoPlist.strings in Resources */ = {isa = PBXBuildFile; fileRef = 7BC47EFE196143C800EC945A /* InfoPlist.strings */; };
		7BC47F02196143C800EC945A /* main.m in Sources */ = {isa = PBXBuildFile; fileRef = 7BC47F01196143C800EC945A /* main.m */; };
		7BC47F06196143C800EC945A /* AppDelegate.m in Sources */ = {isa = PBXBuildFile; fileRef = 7BC47F05196143C800EC945A /* AppDelegate.m */; };
		7BC47F08196143C800EC945A /* Images.xcassets in Resources */ = {isa = PBXBuildFile; fileRef = 7BC47F07196143C800EC945A /* Images.xcassets */; };
		7BC47F0F196143C800EC945A /* XCTest.framework in Frameworks */ = {isa = PBXBuildFile; fileRef = 7BC47F0E196143C800EC945A /* XCTest.framework */; };
		7BC47F10196143C800EC945A /* Foundation.framework in Frameworks */ = {isa = PBXBuildFile; fileRef = 7BC47EF5196143C800EC945A /* Foundation.framework */; };
		7BC47F11196143C800EC945A /* UIKit.framework in Frameworks */ = {isa = PBXBuildFile; fileRef = 7BC47EF9196143C800EC945A /* UIKit.framework */; };
		7BC47F251961457300EC945A /* opencv2.framework in Frameworks */ = {isa = PBXBuildFile; fileRef = 7BC47F241961457300EC945A /* opencv2.framework */; };
		7BC47F28196145B300EC945A /* lena.jpg in Resources */ = {isa = PBXBuildFile; fileRef = 7BC47F27196145B300EC945A /* lena.jpg */; };
		7BC516B8196BCC6500CC3F00 /* RNGViewController.mm in Sources */ = {isa = PBXBuildFile; fileRef = 7BC516B7196BCC6500CC3F00 /* RNGViewController.mm */; };
		7BC516BA196BD87800CC3F00 /* result_normal.jpg in Resources */ = {isa = PBXBuildFile; fileRef = 7BC516B9196BD87800CC3F00 /* result_normal.jpg */; };
		7BC516BD196BD8A500CC3F00 /* DFTViewController.mm in Sources */ = {isa = PBXBuildFile; fileRef = 7BC516BC196BD8A500CC3F00 /* DFTViewController.mm */; };
		7BC7C5781978C25500F564EB /* circles.jpg in Resources */ = {isa = PBXBuildFile; fileRef = 7BC7C5771978C25500F564EB /* circles.jpg */; };
		7BC7C57B1978C26F00F564EB /* HoughCirclesViewController.mm in Sources */ = {isa = PBXBuildFile; fileRef = 7BC7C57A1978C26F00F564EB /* HoughCirclesViewController.mm */; };
		7BC7C5921978CC8600F564EB /* big_dog.jpg in Resources */ = {isa = PBXBuildFile; fileRef = 7BC7C5911978CC8600F564EB /* big_dog.jpg */; };
		7BC7C5951978CD0700F564EB /* RemapViewController.mm in Sources */ = {isa = PBXBuildFile; fileRef = 7BC7C5941978CD0700F564EB /* RemapViewController.mm */; };
		7BD3C9A1197CBF2C00EC364B /* scenery.jpg in Resources */ = {isa = PBXBuildFile; fileRef = 7BD3C9A0197CBF2C00EC364B /* scenery.jpg */; };
		7BD3C9A4197CBF5400EC364B /* WarpAffineViewController.mm in Sources */ = {isa = PBXBuildFile; fileRef = 7BD3C9A3197CBF5400EC364B /* WarpAffineViewController.mm */; };
		7BD3C9A9197D11FC00EC364B /* EqualizeHistViewController.mm in Sources */ = {isa = PBXBuildFile; fileRef = 7BD3C9A8197D11FC00EC364B /* EqualizeHistViewController.mm */; };
		7BD62CD819761AC9000EA5B9 /* SobelViewController.mm in Sources */ = {isa = PBXBuildFile; fileRef = 7BD62CD719761AC9000EA5B9 /* SobelViewController.mm */; };
		7BD62CDA19762193000EA5B9 /* cow.jpg in Resources */ = {isa = PBXBuildFile; fileRef = 7BD62CD919762193000EA5B9 /* cow.jpg */; };
		7BD62CDD197621A2000EA5B9 /* LaplacianViewController.mm in Sources */ = {isa = PBXBuildFile; fileRef = 7BD62CDC197621A2000EA5B9 /* LaplacianViewController.mm */; };
		7BD8F96A196A81A600EC3385 /* test.png in Resources */ = {isa = PBXBuildFile; fileRef = 7BD8F969196A81A600EC3385 /* test.png */; };
		7BD8F96D196A81EA00EC3385 /* AddWeightViewController.mm in Sources */ = {isa = PBXBuildFile; fileRef = 7BD8F96C196A81EA00EC3385 /* AddWeightViewController.mm */; };
		7BD8F970196A8EB300EC3385 /* ContrastViewController.mm in Sources */ = {isa = PBXBuildFile; fileRef = 7BD8F96F196A8EB300EC3385 /* ContrastViewController.mm */; };
		7BD8F974196AAD0800EC3385 /* BaseDrawViewController.mm in Sources */ = {isa = PBXBuildFile; fileRef = 7BD8F972196A9F7600EC3385 /* BaseDrawViewController.mm */; };
		7BDA40981974C71B0000E5FB /* Filter2DViewController.mm in Sources */ = {isa = PBXBuildFile; fileRef = 7BDA40971974C71B0000E5FB /* Filter2DViewController.mm */; };
		7BDA409B1974D0DE0000E5FB /* CopyBorderViewController.mm in Sources */ = {isa = PBXBuildFile; fileRef = 7BDA409A1974D0DE0000E5FB /* CopyBorderViewController.mm */; };
		7BDABB871973ACA300C7B2BB /* dog.jpg in Resources */ = {isa = PBXBuildFile; fileRef = 7BDABB861973ACA300C7B2BB /* dog.jpg */; };
		7BDABB8A1973AD4400C7B2BB /* PyramidViewController.mm in Sources */ = {isa = PBXBuildFile; fileRef = 7BDABB891973AD4400C7B2BB /* PyramidViewController.mm */; };
		7BDABB8D1973BDE200C7B2BB /* ThresholdViewController.mm in Sources */ = {isa = PBXBuildFile; fileRef = 7BDABB8C1973BDE200C7B2BB /* ThresholdViewController.mm */; };
		7BE773551976298200A3847D /* building.jpg in Resources */ = {isa = PBXBuildFile; fileRef = 7BE773541976298200A3847D /* building.jpg */; };
		7BE77358197629A200A3847D /* CannyViewController.mm in Sources */ = {isa = PBXBuildFile; fileRef = 7BE77357197629A200A3847D /* CannyViewController.mm */; };
		7BF52191197775D100D433A9 /* HoughLinesViewController.mm in Sources */ = {isa = PBXBuildFile; fileRef = 7BF52190197775D100D433A9 /* HoughLinesViewController.mm */; };
/* End PBXBuildFile section */

/* Begin PBXContainerItemProxy section */
		7BC47F12196143C800EC945A /* PBXContainerItemProxy */ = {
			isa = PBXContainerItemProxy;
			containerPortal = 7BC47EEA196143C700EC945A /* Project object */;
			proxyType = 1;
			remoteGlobalIDString = 7BC47EF1196143C800EC945A;
			remoteInfo = OpenCVDemo;
		};
/* End PBXContainerItemProxy section */

/* Begin PBXFileReference section */
		7BB611D8197DFFF100262C83 /* CalcHistViewController.h */ = {isa = PBXFileReference; fileEncoding = 4; lastKnownFileType = sourcecode.c.h; path = CalcHistViewController.h; sourceTree = "<group>"; };
		7BB611D9197DFFF100262C83 /* CalcHistViewController.mm */ = {isa = PBXFileReference; fileEncoding = 4; lastKnownFileType = sourcecode.cpp.objcpp; path = CalcHistViewController.mm; sourceTree = "<group>"; };
		7BB611DB197E00FF00262C83 /* scenery_new.jpg */ = {isa = PBXFileReference; lastKnownFileType = image.jpeg; path = scenery_new.jpg; sourceTree = "<group>"; };
		7BB611DD197E1B2F00262C83 /* hand_one.jpg */ = {isa = PBXFileReference; lastKnownFileType = image.jpeg; path = hand_one.jpg; sourceTree = "<group>"; };
		7BB611DE197E1B2F00262C83 /* hand_three.jpg */ = {isa = PBXFileReference; lastKnownFileType = image.jpeg; path = hand_three.jpg; sourceTree = "<group>"; };
		7BB611DF197E1B2F00262C83 /* hand_two.jpg */ = {isa = PBXFileReference; lastKnownFileType = image.jpeg; path = hand_two.jpg; sourceTree = "<group>"; };
		7BB611E3197E1B6C00262C83 /* CompareHistViewController.h */ = {isa = PBXFileReference; fileEncoding = 4; lastKnownFileType = sourcecode.c.h; path = CompareHistViewController.h; sourceTree = "<group>"; };
		7BB611E4197E1B6C00262C83 /* CompareHistViewController.mm */ = {isa = PBXFileReference; fileEncoding = 4; lastKnownFileType = sourcecode.cpp.objcpp; path = CompareHistViewController.mm; sourceTree = "<group>"; };
		7BB6CFAF1980AC0400F2AAFA /* fish_demo.jpg */ = {isa = PBXFileReference; lastKnownFileType = image.jpeg; path = fish_demo.jpg; sourceTree = "<group>"; };
		7BB6CFB11980AD8100F2AAFA /* ContoursViewController.h */ = {isa = PBXFileReference; fileEncoding = 4; lastKnownFileType = sourcecode.c.h; path = ContoursViewController.h; sourceTree = "<group>"; };
		7BB6CFB21980AD8100F2AAFA /* ContoursViewController.mm */ = {isa = PBXFileReference; fileEncoding = 4; lastKnownFileType = sourcecode.cpp.objcpp; path = ContoursViewController.mm; sourceTree = "<group>"; };
		7BB6CFB41980C12100F2AAFA /* ConvexHullViewController.h */ = {isa = PBXFileReference; fileEncoding = 4; lastKnownFileType = sourcecode.c.h; path = ConvexHullViewController.h; sourceTree = "<group>"; };
		7BB6CFB51980C12100F2AAFA /* ConvexHullViewController.mm */ = {isa = PBXFileReference; fileEncoding = 4; lastKnownFileType = sourcecode.cpp.objcpp; path = ConvexHullViewController.mm; sourceTree = "<group>"; };
		7BB6CFB71980EBFB00F2AAFA /* balloon_demo.jpg */ = {isa = PBXFileReference; lastKnownFileType = image.jpeg; path = balloon_demo.jpg; sourceTree = "<group>"; };
		7BB6CFB91980ECC000F2AAFA /* BoundsViewController.h */ = {isa = PBXFileReference; fileEncoding = 4; lastKnownFileType = sourcecode.c.h; path = BoundsViewController.h; sourceTree = "<group>"; };
		7BB6CFBA1980ECC000F2AAFA /* BoundsViewController.mm */ = {isa = PBXFileReference; fileEncoding = 4; lastKnownFileType = sourcecode.cpp.objcpp; path = BoundsViewController.mm; sourceTree = "<group>"; };
		7BBD12F6197F50100002A1EA /* hand_demo_one.jpg */ = {isa = PBXFileReference; lastKnownFileType = image.jpeg; path = hand_demo_one.jpg; sourceTree = "<group>"; };
		7BBD12F7197F50100002A1EA /* hand_demo_two.jpg */ = {isa = PBXFileReference; lastKnownFileType = image.jpeg; path = hand_demo_two.jpg; sourceTree = "<group>"; };
		7BBD12FA197F5BD20002A1EA /* BackProjectViewController.h */ = {isa = PBXFileReference; fileEncoding = 4; lastKnownFileType = sourcecode.c.h; path = BackProjectViewController.h; sourceTree = "<group>"; };
		7BBD12FB197F5BD20002A1EA /* BackProjectViewController.mm */ = {isa = PBXFileReference; fileEncoding = 4; lastKnownFileType = sourcecode.cpp.objcpp; path = BackProjectViewController.mm; sourceTree = "<group>"; };
		7BBD12FD197F9EF20002A1EA /* person_one.jpg */ = {isa = PBXFileReference; lastKnownFileType = image.jpeg; path = person_one.jpg; sourceTree = "<group>"; };
		7BBD12FE197F9EF20002A1EA /* person_temp.jpg */ = {isa = PBXFileReference; lastKnownFileType = image.jpeg; path = person_temp.jpg; sourceTree = "<group>"; };
		7BBD1301197F9F190002A1EA /* MatchTempViewController.h */ = {isa = PBXFileReference; fileEncoding = 4; lastKnownFileType = sourcecode.c.h; path = MatchTempViewController.h; sourceTree = "<group>"; };
		7BBD1302197F9F190002A1EA /* MatchTempViewController.mm */ = {isa = PBXFileReference; fileEncoding = 4; lastKnownFileType = sourcecode.cpp.objcpp; path = MatchTempViewController.mm; sourceTree = "<group>"; };
		7BBD132D197FAB030002A1EA /* lena_temp.jpg */ = {isa = PBXFileReference; lastKnownFileType = image.jpeg; path = lena_temp.jpg; sourceTree = "<group>"; };
		7BC04AA8196E3FFE0021AD2F /* ImgBlurViewController.h */ = {isa = PBXFileReference; fileEncoding = 4; lastKnownFileType = sourcecode.c.h; path = ImgBlurViewController.h; sourceTree = "<group>"; };
		7BC04AA9196E3FFE0021AD2F /* ImgBlurViewController.mm */ = {isa = PBXFileReference; fileEncoding = 4; lastKnownFileType = sourcecode.cpp.objcpp; path = ImgBlurViewController.mm; sourceTree = "<group>"; };
		7BC04AAB196E70040021AD2F /* cat.jpg */ = {isa = PBXFileReference; lastKnownFileType = image.jpeg; path = cat.jpg; sourceTree = "<group>"; };
		7BC04AAD196E705F0021AD2F /* ErosionViewController.h */ = {isa = PBXFileReference; fileEncoding = 4; lastKnownFileType = sourcecode.c.h; path = ErosionViewController.h; sourceTree = "<group>"; };
		7BC04AAE196E705F0021AD2F /* ErosionViewController.mm */ = {isa = PBXFileReference; fileEncoding = 4; lastKnownFileType = sourcecode.cpp.objcpp; path = ErosionViewController.mm; sourceTree = "<group>"; };
		7BC06F10196F8C0000F9FC1A /* monkey.jpg */ = {isa = PBXFileReference; lastKnownFileType = image.jpeg; path = monkey.jpg; sourceTree = "<group>"; };
		7BC06F12196F8C6C00F9FC1A /* MorphoViewController.h */ = {isa = PBXFileReference; fileEncoding = 4; lastKnownFileType = sourcecode.c.h; path = MorphoViewController.h; sourceTree = "<group>"; };
		7BC06F13196F8C6C00F9FC1A /* MorphoViewController.mm */ = {isa = PBXFileReference; fileEncoding = 4; lastKnownFileType = sourcecode.cpp.objcpp; path = MorphoViewController.mm; sourceTree = "<group>"; };
		7BC291CC1966B1D000813B1C /* MatMaskViewController.h */ = {isa = PBXFileReference; fileEncoding = 4; lastKnownFileType = sourcecode.c.h; path = MatMaskViewController.h; sourceTree = "<group>"; };
		7BC291CD1966B1D000813B1C /* MatMaskViewController.mm */ = {isa = PBXFileReference; fileEncoding = 4; lastKnownFileType = sourcecode.cpp.objcpp; path = MatMaskViewController.mm; sourceTree = "<group>"; };
		7BC2A2A71964FB4900B93CC2 /* BaseViewController.h */ = {isa = PBXFileReference; fileEncoding = 4; lastKnownFileType = sourcecode.c.h; path = BaseViewController.h; sourceTree = "<group>"; };
		7BC2A2A81964FB4900B93CC2 /* BaseViewController.m */ = {isa = PBXFileReference; fileEncoding = 4; lastKnownFileType = sourcecode.c.objc; path = BaseViewController.m; sourceTree = "<group>"; };
		7BC2A2A91964FB4900B93CC2 /* PublicDefines.h */ = {isa = PBXFileReference; fileEncoding = 4; lastKnownFileType = sourcecode.c.h; path = PublicDefines.h; sourceTree = "<group>"; };
		7BC2A2AB1964FB8F00B93CC2 /* MainViewController.h */ = {isa = PBXFileReference; fileEncoding = 4; lastKnownFileType = sourcecode.c.h; path = MainViewController.h; sourceTree = "<group>"; };
		7BC2A2AC1964FB8F00B93CC2 /* MainViewController.m */ = {isa = PBXFileReference; fileEncoding = 4; lastKnownFileType = sourcecode.c.objc; path = MainViewController.m; sourceTree = "<group>"; };
		7BC2A2AF1964FCC900B93CC2 /* btn_cancel_normal.png */ = {isa = PBXFileReference; lastKnownFileType = image.png; path = btn_cancel_normal.png; sourceTree = "<group>"; };
		7BC2A2B01964FCC900B93CC2 /* btn_cancel_pressed.png */ = {isa = PBXFileReference; lastKnownFileType = image.png; path = btn_cancel_pressed.png; sourceTree = "<group>"; };
		7BC2A2B71965062B00B93CC2 /* CoreMenuViewController.h */ = {isa = PBXFileReference; fileEncoding = 4; lastKnownFileType = sourcecode.c.h; path = CoreMenuViewController.h; sourceTree = "<group>"; };
		7BC2A2B81965062B00B93CC2 /* CoreMenuViewController.m */ = {isa = PBXFileReference; fileEncoding = 4; lastKnownFileType = sourcecode.c.objc; path = CoreMenuViewController.m; sourceTree = "<group>"; };
		7BC2A2BA1965086800B93CC2 /* ImageProViewController.h */ = {isa = PBXFileReference; fileEncoding = 4; lastKnownFileType = sourcecode.c.h; path = ImageProViewController.h; sourceTree = "<group>"; };
		7BC2A2BB1965086800B93CC2 /* ImageProViewController.m */ = {isa = PBXFileReference; fileEncoding = 4; lastKnownFileType = sourcecode.c.objc; path = ImageProViewController.m; sourceTree = "<group>"; };
		7BC2A2BD196508BF00B93CC2 /* ThreeDimsViewController.h */ = {isa = PBXFileReference; fileEncoding = 4; lastKnownFileType = sourcecode.c.h; path = ThreeDimsViewController.h; sourceTree = "<group>"; };
		7BC2A2BE196508BF00B93CC2 /* ThreeDimsViewController.m */ = {isa = PBXFileReference; fileEncoding = 4; lastKnownFileType = sourcecode.c.objc; path = ThreeDimsViewController.m; sourceTree = "<group>"; };
		7BC2A2C01965090800B93CC2 /* HighGUIViewController.h */ = {isa = PBXFileReference; fileEncoding = 4; lastKnownFileType = sourcecode.c.h; path = HighGUIViewController.h; sourceTree = "<group>"; };
		7BC2A2C11965090800B93CC2 /* HighGUIViewController.m */ = {isa = PBXFileReference; fileEncoding = 4; lastKnownFileType = sourcecode.c.objc; path = HighGUIViewController.m; sourceTree = "<group>"; };
		7BC2A2C31965244300B93CC2 /* BaseMatViewController.h */ = {isa = PBXFileReference; fileEncoding = 4; lastKnownFileType = sourcecode.c.h; path = BaseMatViewController.h; sourceTree = "<group>"; };
		7BC2A2C41965244300B93CC2 /* BaseMatViewController.mm */ = {isa = PBXFileReference; fileEncoding = 4; lastKnownFileType = sourcecode.cpp.objcpp; path = BaseMatViewController.mm; sourceTree = "<group>"; };
		7BC2A2C6196525B100B93CC2 /* WebViewController.h */ = {isa = PBXFileReference; fileEncoding = 4; lastKnownFileType = sourcecode.c.h; path = WebViewController.h; sourceTree = "<group>"; };
		7BC2A2C7196525B100B93CC2 /* WebViewController.m */ = {isa = PBXFileReference; fileEncoding = 4; lastKnownFileType = sourcecode.c.objc; path = WebViewController.m; sourceTree = "<group>"; };
		7BC2A2C9196533A500B93CC2 /* OpenCVUtility.h */ = {isa = PBXFileReference; fileEncoding = 4; lastKnownFileType = sourcecode.c.h; path = OpenCVUtility.h; sourceTree = "<group>"; };
		7BC2A2CA196533A500B93CC2 /* OpenCVUtility.mm */ = {isa = PBXFileReference; fileEncoding = 4; lastKnownFileType = sourcecode.cpp.objcpp; path = OpenCVUtility.mm; sourceTree = "<group>"; };
		7BC2A2CC196547BA00B93CC2 /* common_bacArrow@2x.png */ = {isa = PBXFileReference; lastKnownFileType = image.png; path = "common_bacArrow@2x.png"; sourceTree = "<group>"; };
		7BC2A2CE19654A6C00B93CC2 /* ScanningViewController.h */ = {isa = PBXFileReference; fileEncoding = 4; lastKnownFileType = sourcecode.c.h; path = ScanningViewController.h; sourceTree = "<group>"; };
		7BC2A2CF19654A6C00B93CC2 /* ScanningViewController.mm */ = {isa = PBXFileReference; fileEncoding = 4; lastKnownFileType = sourcecode.cpp.objcpp; path = ScanningViewController.mm; sourceTree = "<group>"; };
		7BC47EF2196143C800EC945A /* OpenCVDemo.app */ = {isa = PBXFileReference; explicitFileType = wrapper.application; includeInIndex = 0; path = OpenCVDemo.app; sourceTree = BUILT_PRODUCTS_DIR; };
		7BC47EF5196143C800EC945A /* Foundation.framework */ = {isa = PBXFileReference; lastKnownFileType = wrapper.framework; name = Foundation.framework; path = System/Library/Frameworks/Foundation.framework; sourceTree = SDKROOT; };
		7BC47EF7196143C800EC945A /* CoreGraphics.framework */ = {isa = PBXFileReference; lastKnownFileType = wrapper.framework; name = CoreGraphics.framework; path = System/Library/Frameworks/CoreGraphics.framework; sourceTree = SDKROOT; };
		7BC47EF9196143C800EC945A /* UIKit.framework */ = {isa = PBXFileReference; lastKnownFileType = wrapper.framework; name = UIKit.framework; path = System/Library/Frameworks/UIKit.framework; sourceTree = SDKROOT; };
		7BC47EFD196143C800EC945A /* OpenCVDemo-Info.plist */ = {isa = PBXFileReference; lastKnownFileType = text.plist.xml; path = "OpenCVDemo-Info.plist"; sourceTree = "<group>"; };
		7BC47EFF196143C800EC945A /* en */ = {isa = PBXFileReference; lastKnownFileType = text.plist.strings; name = en; path = en.lproj/InfoPlist.strings; sourceTree = "<group>"; };
		7BC47F01196143C800EC945A /* main.m */ = {isa = PBXFileReference; lastKnownFileType = sourcecode.c.objc; path = main.m; sourceTree = "<group>"; };
		7BC47F03196143C800EC945A /* OpenCVDemo-Prefix.pch */ = {isa = PBXFileReference; lastKnownFileType = sourcecode.c.h; path = "OpenCVDemo-Prefix.pch"; sourceTree = "<group>"; };
		7BC47F04196143C800EC945A /* AppDelegate.h */ = {isa = PBXFileReference; lastKnownFileType = sourcecode.c.h; path = AppDelegate.h; sourceTree = "<group>"; };
		7BC47F05196143C800EC945A /* AppDelegate.m */ = {isa = PBXFileReference; lastKnownFileType = sourcecode.c.objc; path = AppDelegate.m; sourceTree = "<group>"; };
		7BC47F07196143C800EC945A /* Images.xcassets */ = {isa = PBXFileReference; lastKnownFileType = folder.assetcatalog; path = Images.xcassets; sourceTree = "<group>"; };
		7BC47F0D196143C800EC945A /* OpenCVDemoTests.xctest */ = {isa = PBXFileReference; explicitFileType = wrapper.cfbundle; includeInIndex = 0; path = OpenCVDemoTests.xctest; sourceTree = BUILT_PRODUCTS_DIR; };
		7BC47F0E196143C800EC945A /* XCTest.framework */ = {isa = PBXFileReference; lastKnownFileType = wrapper.framework; name = XCTest.framework; path = Library/Frameworks/XCTest.framework; sourceTree = DEVELOPER_DIR; };
		7BC47F241961457300EC945A /* opencv2.framework */ = {isa = PBXFileReference; lastKnownFileType = wrapper.framework; path = opencv2.framework; sourceTree = "<group>"; };
		7BC47F27196145B300EC945A /* lena.jpg */ = {isa = PBXFileReference; lastKnownFileType = image.jpeg; path = lena.jpg; sourceTree = "<group>"; };
		7BC516B6196BCC6500CC3F00 /* RNGViewController.h */ = {isa = PBXFileReference; fileEncoding = 4; lastKnownFileType = sourcecode.c.h; path = RNGViewController.h; sourceTree = "<group>"; };
		7BC516B7196BCC6500CC3F00 /* RNGViewController.mm */ = {isa = PBXFileReference; fileEncoding = 4; lastKnownFileType = sourcecode.cpp.objcpp; path = RNGViewController.mm; sourceTree = "<group>"; };
		7BC516B9196BD87800CC3F00 /* result_normal.jpg */ = {isa = PBXFileReference; lastKnownFileType = image.jpeg; path = result_normal.jpg; sourceTree = "<group>"; };
		7BC516BB196BD8A500CC3F00 /* DFTViewController.h */ = {isa = PBXFileReference; fileEncoding = 4; lastKnownFileType = sourcecode.c.h; path = DFTViewController.h; sourceTree = "<group>"; };
		7BC516BC196BD8A500CC3F00 /* DFTViewController.mm */ = {isa = PBXFileReference; fileEncoding = 4; lastKnownFileType = sourcecode.cpp.objcpp; path = DFTViewController.mm; sourceTree = "<group>"; };
		7BC7C5771978C25500F564EB /* circles.jpg */ = {isa = PBXFileReference; lastKnownFileType = image.jpeg; path = circles.jpg; sourceTree = "<group>"; };
		7BC7C5791978C26F00F564EB /* HoughCirclesViewController.h */ = {isa = PBXFileReference; fileEncoding = 4; lastKnownFileType = sourcecode.c.h; path = HoughCirclesViewController.h; sourceTree = "<group>"; };
		7BC7C57A1978C26F00F564EB /* HoughCirclesViewController.mm */ = {isa = PBXFileReference; fileEncoding = 4; lastKnownFileType = sourcecode.cpp.objcpp; path = HoughCirclesViewController.mm; sourceTree = "<group>"; };
		7BC7C5911978CC8600F564EB /* big_dog.jpg */ = {isa = PBXFileReference; lastKnownFileType = image.jpeg; path = big_dog.jpg; sourceTree = "<group>"; };
		7BC7C5931978CD0700F564EB /* RemapViewController.h */ = {isa = PBXFileReference; fileEncoding = 4; lastKnownFileType = sourcecode.c.h; path = RemapViewController.h; sourceTree = "<group>"; };
		7BC7C5941978CD0700F564EB /* RemapViewController.mm */ = {isa = PBXFileReference; fileEncoding = 4; lastKnownFileType = sourcecode.cpp.objcpp; path = RemapViewController.mm; sourceTree = "<group>"; };
		7BD3C9A0197CBF2C00EC364B /* scenery.jpg */ = {isa = PBXFileReference; lastKnownFileType = image.jpeg; path = scenery.jpg; sourceTree = "<group>"; };
		7BD3C9A2197CBF5400EC364B /* WarpAffineViewController.h */ = {isa = PBXFileReference; fileEncoding = 4; lastKnownFileType = sourcecode.c.h; path = WarpAffineViewController.h; sourceTree = "<group>"; };
		7BD3C9A3197CBF5400EC364B /* WarpAffineViewController.mm */ = {isa = PBXFileReference; fileEncoding = 4; lastKnownFileType = sourcecode.cpp.objcpp; path = WarpAffineViewController.mm; sourceTree = "<group>"; };
		7BD3C9A7197D11FC00EC364B /* EqualizeHistViewController.h */ = {isa = PBXFileReference; fileEncoding = 4; lastKnownFileType = sourcecode.c.h; path = EqualizeHistViewController.h; sourceTree = "<group>"; };
		7BD3C9A8197D11FC00EC364B /* EqualizeHistViewController.mm */ = {isa = PBXFileReference; fileEncoding = 4; lastKnownFileType = sourcecode.cpp.objcpp; path = EqualizeHistViewController.mm; sourceTree = "<group>"; };
		7BD62CD619761AC9000EA5B9 /* SobelViewController.h */ = {isa = PBXFileReference; fileEncoding = 4; lastKnownFileType = sourcecode.c.h; path = SobelViewController.h; sourceTree = "<group>"; };
		7BD62CD719761AC9000EA5B9 /* SobelViewController.mm */ = {isa = PBXFileReference; fileEncoding = 4; lastKnownFileType = sourcecode.cpp.objcpp; path = SobelViewController.mm; sourceTree = "<group>"; };
		7BD62CD919762193000EA5B9 /* cow.jpg */ = {isa = PBXFileReference; lastKnownFileType = image.jpeg; path = cow.jpg; sourceTree = "<group>"; };
		7BD62CDB197621A2000EA5B9 /* LaplacianViewController.h */ = {isa = PBXFileReference; fileEncoding = 4; lastKnownFileType = sourcecode.c.h; path = LaplacianViewController.h; sourceTree = "<group>"; };
		7BD62CDC197621A2000EA5B9 /* LaplacianViewController.mm */ = {isa = PBXFileReference; fileEncoding = 4; lastKnownFileType = sourcecode.cpp.objcpp; path = LaplacianViewController.mm; sourceTree = "<group>"; };
		7BD8F969196A81A600EC3385 /* test.png */ = {isa = PBXFileReference; lastKnownFileType = image.png; path = test.png; sourceTree = "<group>"; };
		7BD8F96B196A81EA00EC3385 /* AddWeightViewController.h */ = {isa = PBXFileReference; fileEncoding = 4; lastKnownFileType = sourcecode.c.h; path = AddWeightViewController.h; sourceTree = "<group>"; };
		7BD8F96C196A81EA00EC3385 /* AddWeightViewController.mm */ = {isa = PBXFileReference; fileEncoding = 4; lastKnownFileType = sourcecode.cpp.objcpp; path = AddWeightViewController.mm; sourceTree = "<group>"; };
		7BD8F96E196A8EB300EC3385 /* ContrastViewController.h */ = {isa = PBXFileReference; fileEncoding = 4; lastKnownFileType = sourcecode.c.h; path = ContrastViewController.h; sourceTree = "<group>"; };
		7BD8F96F196A8EB300EC3385 /* ContrastViewController.mm */ = {isa = PBXFileReference; fileEncoding = 4; lastKnownFileType = sourcecode.cpp.objcpp; path = ContrastViewController.mm; sourceTree = "<group>"; };
		7BD8F971196A9F7600EC3385 /* BaseDrawViewController.h */ = {isa = PBXFileReference; fileEncoding = 4; lastKnownFileType = sourcecode.c.h; path = BaseDrawViewController.h; sourceTree = "<group>"; };
		7BD8F972196A9F7600EC3385 /* BaseDrawViewController.mm */ = {isa = PBXFileReference; fileEncoding = 4; lastKnownFileType = sourcecode.cpp.objcpp; path = BaseDrawViewController.mm; sourceTree = "<group>"; };
		7BDA40961974C71B0000E5FB /* Filter2DViewController.h */ = {isa = PBXFileReference; fileEncoding = 4; lastKnownFileType = sourcecode.c.h; path = Filter2DViewController.h; sourceTree = "<group>"; };
		7BDA40971974C71B0000E5FB /* Filter2DViewController.mm */ = {isa = PBXFileReference; fileEncoding = 4; lastKnownFileType = sourcecode.cpp.objcpp; path = Filter2DViewController.mm; sourceTree = "<group>"; };
		7BDA40991974D0DE0000E5FB /* CopyBorderViewController.h */ = {isa = PBXFileReference; fileEncoding = 4; lastKnownFileType = sourcecode.c.h; path = CopyBorderViewController.h; sourceTree = "<group>"; };
		7BDA409A1974D0DE0000E5FB /* CopyBorderViewController.mm */ = {isa = PBXFileReference; fileEncoding = 4; lastKnownFileType = sourcecode.cpp.objcpp; path = CopyBorderViewController.mm; sourceTree = "<group>"; };
		7BDABB861973ACA300C7B2BB /* dog.jpg */ = {isa = PBXFileReference; lastKnownFileType = image.jpeg; path = dog.jpg; sourceTree = "<group>"; };
		7BDABB881973AD4400C7B2BB /* PyramidViewController.h */ = {isa = PBXFileReference; fileEncoding = 4; lastKnownFileType = sourcecode.c.h; path = PyramidViewController.h; sourceTree = "<group>"; };
		7BDABB891973AD4400C7B2BB /* PyramidViewController.mm */ = {isa = PBXFileReference; fileEncoding = 4; lastKnownFileType = sourcecode.cpp.objcpp; path = PyramidViewController.mm; sourceTree = "<group>"; };
		7BDABB8B1973BDE200C7B2BB /* ThresholdViewController.h */ = {isa = PBXFileReference; fileEncoding = 4; lastKnownFileType = sourcecode.c.h; path = ThresholdViewController.h; sourceTree = "<group>"; };
		7BDABB8C1973BDE200C7B2BB /* ThresholdViewController.mm */ = {isa = PBXFileReference; fileEncoding = 4; lastKnownFileType = sourcecode.cpp.objcpp; path = ThresholdViewController.mm; sourceTree = "<group>"; };
		7BE773541976298200A3847D /* building.jpg */ = {isa = PBXFileReference; lastKnownFileType = image.jpeg; path = building.jpg; sourceTree = "<group>"; };
		7BE77356197629A200A3847D /* CannyViewController.h */ = {isa = PBXFileReference; fileEncoding = 4; lastKnownFileType = sourcecode.c.h; path = CannyViewController.h; sourceTree = "<group>"; };
		7BE77357197629A200A3847D /* CannyViewController.mm */ = {isa = PBXFileReference; fileEncoding = 4; lastKnownFileType = sourcecode.cpp.objcpp; path = CannyViewController.mm; sourceTree = "<group>"; };
		7BF5218F197775D100D433A9 /* HoughLinesViewController.h */ = {isa = PBXFileReference; fileEncoding = 4; lastKnownFileType = sourcecode.c.h; path = HoughLinesViewController.h; sourceTree = "<group>"; };
		7BF52190197775D100D433A9 /* HoughLinesViewController.mm */ = {isa = PBXFileReference; fileEncoding = 4; lastKnownFileType = sourcecode.cpp.objcpp; path = HoughLinesViewController.mm; sourceTree = "<group>"; };
/* End PBXFileReference section */

/* Begin PBXFrameworksBuildPhase section */
		7BC47EEF196143C800EC945A /* Frameworks */ = {
			isa = PBXFrameworksBuildPhase;
			buildActionMask = 2147483647;
			files = (
				7BC47EF8196143C800EC945A /* CoreGraphics.framework in Frameworks */,
				7BC47EFA196143C800EC945A /* UIKit.framework in Frameworks */,
				7BC47F251961457300EC945A /* opencv2.framework in Frameworks */,
				7BC47EF6196143C800EC945A /* Foundation.framework in Frameworks */,
			);
			runOnlyForDeploymentPostprocessing = 0;
		};
		7BC47F0A196143C800EC945A /* Frameworks */ = {
			isa = PBXFrameworksBuildPhase;
			buildActionMask = 2147483647;
			files = (
				7BC47F0F196143C800EC945A /* XCTest.framework in Frameworks */,
				7BC47F11196143C800EC945A /* UIKit.framework in Frameworks */,
				7BC47F10196143C800EC945A /* Foundation.framework in Frameworks */,
			);
			runOnlyForDeploymentPostprocessing = 0;
		};
/* End PBXFrameworksBuildPhase section */

/* Begin PBXGroup section */
		7BC2A2A61964FB4900B93CC2 /* Common */ = {
			isa = PBXGroup;
			children = (
				7BC2A2A71964FB4900B93CC2 /* BaseViewController.h */,
				7BC2A2A81964FB4900B93CC2 /* BaseViewController.m */,
				7BC2A2A91964FB4900B93CC2 /* PublicDefines.h */,
				7BC2A2C6196525B100B93CC2 /* WebViewController.h */,
				7BC2A2C7196525B100B93CC2 /* WebViewController.m */,
				7BC2A2C9196533A500B93CC2 /* OpenCVUtility.h */,
				7BC2A2CA196533A500B93CC2 /* OpenCVUtility.mm */,
			);
			path = Common;
			sourceTree = "<group>";
		};
		7BC2A2AE1964FCC900B93CC2 /* icon */ = {
			isa = PBXGroup;
			children = (
				7BC2A2CC196547BA00B93CC2 /* common_bacArrow@2x.png */,
				7BC2A2AF1964FCC900B93CC2 /* btn_cancel_normal.png */,
				7BC2A2B01964FCC900B93CC2 /* btn_cancel_pressed.png */,
			);
			path = icon;
			sourceTree = "<group>";
		};
		7BC2A2B31965060800B93CC2 /* corefunction */ = {
			isa = PBXGroup;
			children = (
				7BC2A2B71965062B00B93CC2 /* CoreMenuViewController.h */,
				7BC2A2B81965062B00B93CC2 /* CoreMenuViewController.m */,
				7BC2A2C31965244300B93CC2 /* BaseMatViewController.h */,
				7BC2A2C41965244300B93CC2 /* BaseMatViewController.mm */,
				7BC2A2CE19654A6C00B93CC2 /* ScanningViewController.h */,
				7BC2A2CF19654A6C00B93CC2 /* ScanningViewController.mm */,
				7BC291CC1966B1D000813B1C /* MatMaskViewController.h */,
				7BC291CD1966B1D000813B1C /* MatMaskViewController.mm */,
				7BD8F96B196A81EA00EC3385 /* AddWeightViewController.h */,
				7BD8F96C196A81EA00EC3385 /* AddWeightViewController.mm */,
				7BD8F96E196A8EB300EC3385 /* ContrastViewController.h */,
				7BD8F96F196A8EB300EC3385 /* ContrastViewController.mm */,
				7BD8F971196A9F7600EC3385 /* BaseDrawViewController.h */,
				7BD8F972196A9F7600EC3385 /* BaseDrawViewController.mm */,
				7BC516B6196BCC6500CC3F00 /* RNGViewController.h */,
				7BC516B7196BCC6500CC3F00 /* RNGViewController.mm */,
				7BC516BB196BD8A500CC3F00 /* DFTViewController.h */,
				7BC516BC196BD8A500CC3F00 /* DFTViewController.mm */,
			);
			path = corefunction;
			sourceTree = "<group>";
		};
		7BC2A2B41965060800B93CC2 /* highgui */ = {
			isa = PBXGroup;
			children = (
				7BC2A2C01965090800B93CC2 /* HighGUIViewController.h */,
				7BC2A2C11965090800B93CC2 /* HighGUIViewController.m */,
			);
			path = highgui;
			sourceTree = "<group>";
		};
		7BC2A2B51965060800B93CC2 /* imagepro */ = {
			isa = PBXGroup;
			children = (
				7BC2A2BA1965086800B93CC2 /* ImageProViewController.h */,
				7BC2A2BB1965086800B93CC2 /* ImageProViewController.m */,
				7BC04AA8196E3FFE0021AD2F /* ImgBlurViewController.h */,
				7BC04AA9196E3FFE0021AD2F /* ImgBlurViewController.mm */,
				7BC04AAD196E705F0021AD2F /* ErosionViewController.h */,
				7BC04AAE196E705F0021AD2F /* ErosionViewController.mm */,
				7BC06F12196F8C6C00F9FC1A /* MorphoViewController.h */,
				7BC06F13196F8C6C00F9FC1A /* MorphoViewController.mm */,
				7BDABB881973AD4400C7B2BB /* PyramidViewController.h */,
				7BDABB891973AD4400C7B2BB /* PyramidViewController.mm */,
				7BDABB8B1973BDE200C7B2BB /* ThresholdViewController.h */,
				7BDABB8C1973BDE200C7B2BB /* ThresholdViewController.mm */,
				7BDA40961974C71B0000E5FB /* Filter2DViewController.h */,
				7BDA40971974C71B0000E5FB /* Filter2DViewController.mm */,
				7BDA40991974D0DE0000E5FB /* CopyBorderViewController.h */,
				7BDA409A1974D0DE0000E5FB /* CopyBorderViewController.mm */,
				7BD62CD619761AC9000EA5B9 /* SobelViewController.h */,
				7BD62CD719761AC9000EA5B9 /* SobelViewController.mm */,
				7BD62CDB197621A2000EA5B9 /* LaplacianViewController.h */,
				7BD62CDC197621A2000EA5B9 /* LaplacianViewController.mm */,
				7BE77356197629A200A3847D /* CannyViewController.h */,
				7BE77357197629A200A3847D /* CannyViewController.mm */,
				7BF5218F197775D100D433A9 /* HoughLinesViewController.h */,
				7BF52190197775D100D433A9 /* HoughLinesViewController.mm */,
				7BC7C5791978C26F00F564EB /* HoughCirclesViewController.h */,
				7BC7C57A1978C26F00F564EB /* HoughCirclesViewController.mm */,
				7BC7C5931978CD0700F564EB /* RemapViewController.h */,
				7BC7C5941978CD0700F564EB /* RemapViewController.mm */,
				7BD3C9A2197CBF5400EC364B /* WarpAffineViewController.h */,
				7BD3C9A3197CBF5400EC364B /* WarpAffineViewController.mm */,
				7BD3C9A7197D11FC00EC364B /* EqualizeHistViewController.h */,
				7BD3C9A8197D11FC00EC364B /* EqualizeHistViewController.mm */,
				7BB611D8197DFFF100262C83 /* CalcHistViewController.h */,
				7BB611D9197DFFF100262C83 /* CalcHistViewController.mm */,
				7BB611E3197E1B6C00262C83 /* CompareHistViewController.h */,
				7BB611E4197E1B6C00262C83 /* CompareHistViewController.mm */,
				7BBD12FA197F5BD20002A1EA /* BackProjectViewController.h */,
				7BBD12FB197F5BD20002A1EA /* BackProjectViewController.mm */,
				7BBD1301197F9F190002A1EA /* MatchTempViewController.h */,
				7BBD1302197F9F190002A1EA /* MatchTempViewController.mm */,
				7BB6CFB11980AD8100F2AAFA /* ContoursViewController.h */,
				7BB6CFB21980AD8100F2AAFA /* ContoursViewController.mm */,
				7BB6CFB41980C12100F2AAFA /* ConvexHullViewController.h */,
				7BB6CFB51980C12100F2AAFA /* ConvexHullViewController.mm */,
				7BB6CFB91980ECC000F2AAFA /* BoundsViewController.h */,
				7BB6CFBA1980ECC000F2AAFA /* BoundsViewController.mm */,
			);
			path = imagepro;
			sourceTree = "<group>";
		};
		7BC2A2B61965060800B93CC2 /* threedims */ = {
			isa = PBXGroup;
			children = (
				7BC2A2BD196508BF00B93CC2 /* ThreeDimsViewController.h */,
				7BC2A2BE196508BF00B93CC2 /* ThreeDimsViewController.m */,
			);
			path = threedims;
			sourceTree = "<group>";
		};
		7BC47EE9196143C700EC945A = {
			isa = PBXGroup;
			children = (
				7BC47EFB196143C800EC945A /* OpenCVDemo */,
				7BC47EF4196143C800EC945A /* Frameworks */,
				7BC47EF3196143C800EC945A /* Products */,
			);
			sourceTree = "<group>";
		};
		7BC47EF3196143C800EC945A /* Products */ = {
			isa = PBXGroup;
			children = (
				7BC47EF2196143C800EC945A /* OpenCVDemo.app */,
				7BC47F0D196143C800EC945A /* OpenCVDemoTests.xctest */,
			);
			name = Products;
			sourceTree = "<group>";
		};
		7BC47EF4196143C800EC945A /* Frameworks */ = {
			isa = PBXGroup;
			children = (
				7BC47F241961457300EC945A /* opencv2.framework */,
				7BC47EF5196143C800EC945A /* Foundation.framework */,
				7BC47EF7196143C800EC945A /* CoreGraphics.framework */,
				7BC47EF9196143C800EC945A /* UIKit.framework */,
				7BC47F0E196143C800EC945A /* XCTest.framework */,
			);
			name = Frameworks;
			sourceTree = "<group>";
		};
		7BC47EFB196143C800EC945A /* OpenCVDemo */ = {
			isa = PBXGroup;
			children = (
				7BC2A2B31965060800B93CC2 /* corefunction */,
				7BC2A2B41965060800B93CC2 /* highgui */,
				7BC2A2B51965060800B93CC2 /* imagepro */,
				7BC2A2B61965060800B93CC2 /* threedims */,
				7BC2A2AE1964FCC900B93CC2 /* icon */,
				7BC2A2A61964FB4900B93CC2 /* Common */,
				7BC47F26196145B300EC945A /* pic */,
				7BC47F04196143C800EC945A /* AppDelegate.h */,
				7BC47F05196143C800EC945A /* AppDelegate.m */,
				7BC2A2AB1964FB8F00B93CC2 /* MainViewController.h */,
				7BC2A2AC1964FB8F00B93CC2 /* MainViewController.m */,
				7BC47F07196143C800EC945A /* Images.xcassets */,
				7BC47EFC196143C800EC945A /* Supporting Files */,
			);
			path = OpenCVDemo;
			sourceTree = "<group>";
		};
		7BC47EFC196143C800EC945A /* Supporting Files */ = {
			isa = PBXGroup;
			children = (
				7BC47EFD196143C800EC945A /* OpenCVDemo-Info.plist */,
				7BC47EFE196143C800EC945A /* InfoPlist.strings */,
				7BC47F01196143C800EC945A /* main.m */,
				7BC47F03196143C800EC945A /* OpenCVDemo-Prefix.pch */,
			);
			name = "Supporting Files";
			sourceTree = "<group>";
		};
		7BC47F26196145B300EC945A /* pic */ = {
			isa = PBXGroup;
			children = (
				7BB6CFB71980EBFB00F2AAFA /* balloon_demo.jpg */,
				7BB6CFAF1980AC0400F2AAFA /* fish_demo.jpg */,
				7BBD132D197FAB030002A1EA /* lena_temp.jpg */,
				7BBD12FD197F9EF20002A1EA /* person_one.jpg */,
				7BBD12FE197F9EF20002A1EA /* person_temp.jpg */,
				7BBD12F6197F50100002A1EA /* hand_demo_one.jpg */,
				7BBD12F7197F50100002A1EA /* hand_demo_two.jpg */,
				7BB611DD197E1B2F00262C83 /* hand_one.jpg */,
				7BB611DE197E1B2F00262C83 /* hand_three.jpg */,
				7BB611DF197E1B2F00262C83 /* hand_two.jpg */,
				7BB611DB197E00FF00262C83 /* scenery_new.jpg */,
				7BD3C9A0197CBF2C00EC364B /* scenery.jpg */,
				7BC7C5911978CC8600F564EB /* big_dog.jpg */,
				7BC7C5771978C25500F564EB /* circles.jpg */,
				7BE773541976298200A3847D /* building.jpg */,
				7BD62CD919762193000EA5B9 /* cow.jpg */,
				7BDABB861973ACA300C7B2BB /* dog.jpg */,
				7BC06F10196F8C0000F9FC1A /* monkey.jpg */,
				7BC04AAB196E70040021AD2F /* cat.jpg */,
				7BC516B9196BD87800CC3F00 /* result_normal.jpg */,
				7BC47F27196145B300EC945A /* lena.jpg */,
				7BD8F969196A81A600EC3385 /* test.png */,
			);
			path = pic;
			sourceTree = "<group>";
		};
/* End PBXGroup section */

/* Begin PBXNativeTarget section */
		7BC47EF1196143C800EC945A /* OpenCVDemo */ = {
			isa = PBXNativeTarget;
			buildConfigurationList = 7BC47F1E196143C800EC945A /* Build configuration list for PBXNativeTarget "OpenCVDemo" */;
			buildPhases = (
				7BC47EEE196143C800EC945A /* Sources */,
				7BC47EEF196143C800EC945A /* Frameworks */,
				7BC47EF0196143C800EC945A /* Resources */,
			);
			buildRules = (
			);
			dependencies = (
			);
			name = OpenCVDemo;
			productName = OpenCVDemo;
			productReference = 7BC47EF2196143C800EC945A /* OpenCVDemo.app */;
			productType = "com.apple.product-type.application";
		};
		7BC47F0C196143C800EC945A /* OpenCVDemoTests */ = {
			isa = PBXNativeTarget;
			buildConfigurationList = 7BC47F21196143C800EC945A /* Build configuration list for PBXNativeTarget "OpenCVDemoTests" */;
			buildPhases = (
				7BC47F09196143C800EC945A /* Sources */,
				7BC47F0A196143C800EC945A /* Frameworks */,
				7BC47F0B196143C800EC945A /* Resources */,
			);
			buildRules = (
			);
			dependencies = (
				7BC47F13196143C800EC945A /* PBXTargetDependency */,
			);
			name = OpenCVDemoTests;
			productName = OpenCVDemoTests;
			productReference = 7BC47F0D196143C800EC945A /* OpenCVDemoTests.xctest */;
			productType = "com.apple.product-type.bundle.unit-test";
		};
/* End PBXNativeTarget section */

/* Begin PBXProject section */
		7BC47EEA196143C700EC945A /* Project object */ = {
			isa = PBXProject;
			attributes = {
				LastUpgradeCheck = 0510;
				ORGANIZATIONNAME = wangfei;
				TargetAttributes = {
					7BC47F0C196143C800EC945A = {
						TestTargetID = 7BC47EF1196143C800EC945A;
					};
				};
			};
			buildConfigurationList = 7BC47EED196143C700EC945A /* Build configuration list for PBXProject "OpenCVDemo" */;
			compatibilityVersion = "Xcode 3.2";
			developmentRegion = English;
			hasScannedForEncodings = 0;
			knownRegions = (
				en,
			);
			mainGroup = 7BC47EE9196143C700EC945A;
			productRefGroup = 7BC47EF3196143C800EC945A /* Products */;
			projectDirPath = "";
			projectRoot = "";
			targets = (
				7BC47EF1196143C800EC945A /* OpenCVDemo */,
				7BC47F0C196143C800EC945A /* OpenCVDemoTests */,
			);
		};
/* End PBXProject section */

/* Begin PBXResourcesBuildPhase section */
		7BC47EF0196143C800EC945A /* Resources */ = {
			isa = PBXResourcesBuildPhase;
			buildActionMask = 2147483647;
			files = (
				7BC47F00196143C800EC945A /* InfoPlist.strings in Resources */,
				7BC2A2B21964FCC900B93CC2 /* btn_cancel_pressed.png in Resources */,
				7BB6CFB01980AC0400F2AAFA /* fish_demo.jpg in Resources */,
				7BC06F11196F8C0000F9FC1A /* monkey.jpg in Resources */,
				7BD3C9A1197CBF2C00EC364B /* scenery.jpg in Resources */,
				7BB611DC197E00FF00262C83 /* scenery_new.jpg in Resources */,
				7BD62CDA19762193000EA5B9 /* cow.jpg in Resources */,
				7BB611E1197E1B2F00262C83 /* hand_three.jpg in Resources */,
				7BD8F96A196A81A600EC3385 /* test.png in Resources */,
				7BC04AAC196E70040021AD2F /* cat.jpg in Resources */,
				7BC7C5921978CC8600F564EB /* big_dog.jpg in Resources */,
				7BBD1300197F9EF20002A1EA /* person_temp.jpg in Resources */,
				7BB611E0197E1B2F00262C83 /* hand_one.jpg in Resources */,
				7BC2A2B11964FCC900B93CC2 /* btn_cancel_normal.png in Resources */,
				7BC47F28196145B300EC945A /* lena.jpg in Resources */,
				7BC2A2CD196547BA00B93CC2 /* common_bacArrow@2x.png in Resources */,
				7BC47F08196143C800EC945A /* Images.xcassets in Resources */,
				7BB6CFB81980EBFB00F2AAFA /* balloon_demo.jpg in Resources */,
				7BBD12FF197F9EF20002A1EA /* person_one.jpg in Resources */,
				7BB611E2197E1B2F00262C83 /* hand_two.jpg in Resources */,
				7BBD132E197FAB030002A1EA /* lena_temp.jpg in Resources */,
				7BE773551976298200A3847D /* building.jpg in Resources */,
				7BDABB871973ACA300C7B2BB /* dog.jpg in Resources */,
				7BBD12F9197F50100002A1EA /* hand_demo_two.jpg in Resources */,
				7BC516BA196BD87800CC3F00 /* result_normal.jpg in Resources */,
				7BBD12F8197F50100002A1EA /* hand_demo_one.jpg in Resources */,
				7BC7C5781978C25500F564EB /* circles.jpg in Resources */,
			);
			runOnlyForDeploymentPostprocessing = 0;
		};
		7BC47F0B196143C800EC945A /* Resources */ = {
			isa = PBXResourcesBuildPhase;
			buildActionMask = 2147483647;
			files = (
			);
			runOnlyForDeploymentPostprocessing = 0;
		};
/* End PBXResourcesBuildPhase section */

/* Begin PBXSourcesBuildPhase section */
		7BC47EEE196143C800EC945A /* Sources */ = {
			isa = PBXSourcesBuildPhase;
			buildActionMask = 2147483647;
			files = (
				7BC47F06196143C800EC945A /* AppDelegate.m in Sources */,
				7BC2A2C8196525B100B93CC2 /* WebViewController.m in Sources */,
				7BDA409B1974D0DE0000E5FB /* CopyBorderViewController.mm in Sources */,
				7BC2A2AA1964FB4900B93CC2 /* BaseViewController.m in Sources */,
				7BD62CD819761AC9000EA5B9 /* SobelViewController.mm in Sources */,
				7BDABB8D1973BDE200C7B2BB /* ThresholdViewController.mm in Sources */,
				7BC2A2D019654A6C00B93CC2 /* ScanningViewController.mm in Sources */,
				7BC7C5951978CD0700F564EB /* RemapViewController.mm in Sources */,
				7BC06F14196F8C6C00F9FC1A /* MorphoViewController.mm in Sources */,
				7BDABB8A1973AD4400C7B2BB /* PyramidViewController.mm in Sources */,
				7BC47F02196143C800EC945A /* main.m in Sources */,
				7BB611DA197DFFF100262C83 /* CalcHistViewController.mm in Sources */,
				7BF52191197775D100D433A9 /* HoughLinesViewController.mm in Sources */,
				7BC2A2C51965244300B93CC2 /* BaseMatViewController.mm in Sources */,
				7BB611E5197E1B6C00262C83 /* CompareHistViewController.mm in Sources */,
				7BC7C57B1978C26F00F564EB /* HoughCirclesViewController.mm in Sources */,
				7BC2A2AD1964FB8F00B93CC2 /* MainViewController.m in Sources */,
				7BC2A2CB196533A500B93CC2 /* OpenCVUtility.mm in Sources */,
				7BD3C9A9197D11FC00EC364B /* EqualizeHistViewController.mm in Sources */,
				7BB6CFBB1980ECC000F2AAFA /* BoundsViewController.mm in Sources */,
				7BC2A2BC1965086800B93CC2 /* ImageProViewController.m in Sources */,
				7BD8F974196AAD0800EC3385 /* BaseDrawViewController.mm in Sources */,
				7BB6CFB31980AD8100F2AAFA /* ContoursViewController.mm in Sources */,
				7BBD12FC197F5BD20002A1EA /* BackProjectViewController.mm in Sources */,
				7BC2A2BF196508BF00B93CC2 /* ThreeDimsViewController.m in Sources */,
				7BBD1303197F9F190002A1EA /* MatchTempViewController.mm in Sources */,
				7BDA40981974C71B0000E5FB /* Filter2DViewController.mm in Sources */,
				7BB6CFB61980C12100F2AAFA /* ConvexHullViewController.mm in Sources */,
				7BC516BD196BD8A500CC3F00 /* DFTViewController.mm in Sources */,
				7BD8F970196A8EB300EC3385 /* ContrastViewController.mm in Sources */,
				7BC2A2C21965090800B93CC2 /* HighGUIViewController.m in Sources */,
				7BD3C9A4197CBF5400EC364B /* WarpAffineViewController.mm in Sources */,
				7BE77358197629A200A3847D /* CannyViewController.mm in Sources */,
				7BC516B8196BCC6500CC3F00 /* RNGViewController.mm in Sources */,
				7BC04AAA196E3FFE0021AD2F /* ImgBlurViewController.mm in Sources */,
				7BC04AAF196E705F0021AD2F /* ErosionViewController.mm in Sources */,
				7BC291CE1966B1D000813B1C /* MatMaskViewController.mm in Sources */,
				7BD62CDD197621A2000EA5B9 /* LaplacianViewController.mm in Sources */,
				7BD8F96D196A81EA00EC3385 /* AddWeightViewController.mm in Sources */,
				7BC2A2B91965062B00B93CC2 /* CoreMenuViewController.m in Sources */,
			);
			runOnlyForDeploymentPostprocessing = 0;
		};
		7BC47F09196143C800EC945A /* Sources */ = {
			isa = PBXSourcesBuildPhase;
			buildActionMask = 2147483647;
			files = (
			);
			runOnlyForDeploymentPostprocessing = 0;
		};
/* End PBXSourcesBuildPhase section */

/* Begin PBXTargetDependency section */
		7BC47F13196143C800EC945A /* PBXTargetDependency */ = {
			isa = PBXTargetDependency;
			target = 7BC47EF1196143C800EC945A /* OpenCVDemo */;
			targetProxy = 7BC47F12196143C800EC945A /* PBXContainerItemProxy */;
		};
/* End PBXTargetDependency section */

/* Begin PBXVariantGroup section */
		7BC47EFE196143C800EC945A /* InfoPlist.strings */ = {
			isa = PBXVariantGroup;
			children = (
				7BC47EFF196143C800EC945A /* en */,
			);
			name = InfoPlist.strings;
			sourceTree = "<group>";
		};
/* End PBXVariantGroup section */

/* Begin XCBuildConfiguration section */
		7BC47F1C196143C800EC945A /* Debug */ = {
			isa = XCBuildConfiguration;
			buildSettings = {
				ALWAYS_SEARCH_USER_PATHS = NO;
				CLANG_CXX_LANGUAGE_STANDARD = "gnu++0x";
				CLANG_CXX_LIBRARY = "libc++";
				CLANG_ENABLE_MODULES = YES;
				CLANG_ENABLE_OBJC_ARC = YES;
				CLANG_WARN_BOOL_CONVERSION = YES;
				CLANG_WARN_CONSTANT_CONVERSION = YES;
				CLANG_WARN_DIRECT_OBJC_ISA_USAGE = YES_ERROR;
				CLANG_WARN_EMPTY_BODY = YES;
				CLANG_WARN_ENUM_CONVERSION = YES;
				CLANG_WARN_INT_CONVERSION = YES;
				CLANG_WARN_OBJC_ROOT_CLASS = YES_ERROR;
				CLANG_WARN__DUPLICATE_METHOD_MATCH = YES;
				"CODE_SIGN_IDENTITY[sdk=iphoneos*]" = "iPhone Developer";
				COPY_PHASE_STRIP = NO;
				GCC_C_LANGUAGE_STANDARD = gnu99;
				GCC_DYNAMIC_NO_PIC = NO;
				GCC_OPTIMIZATION_LEVEL = 0;
				GCC_PREPROCESSOR_DEFINITIONS = (
					"DEBUG=1",
					"$(inherited)",
				);
				GCC_SYMBOLS_PRIVATE_EXTERN = NO;
				GCC_WARN_64_TO_32_BIT_CONVERSION = YES;
				GCC_WARN_ABOUT_RETURN_TYPE = YES_ERROR;
				GCC_WARN_UNDECLARED_SELECTOR = YES;
				GCC_WARN_UNINITIALIZED_AUTOS = YES_AGGRESSIVE;
				GCC_WARN_UNUSED_FUNCTION = YES;
				GCC_WARN_UNUSED_VARIABLE = YES;
				IPHONEOS_DEPLOYMENT_TARGET = 7.1;
				ONLY_ACTIVE_ARCH = YES;
				SDKROOT = iphoneos;
			};
			name = Debug;
		};
		7BC47F1D196143C800EC945A /* Release */ = {
			isa = XCBuildConfiguration;
			buildSettings = {
				ALWAYS_SEARCH_USER_PATHS = NO;
				CLANG_CXX_LANGUAGE_STANDARD = "gnu++0x";
				CLANG_CXX_LIBRARY = "libc++";
				CLANG_ENABLE_MODULES = YES;
				CLANG_ENABLE_OBJC_ARC = YES;
				CLANG_WARN_BOOL_CONVERSION = YES;
				CLANG_WARN_CONSTANT_CONVERSION = YES;
				CLANG_WARN_DIRECT_OBJC_ISA_USAGE = YES_ERROR;
				CLANG_WARN_EMPTY_BODY = YES;
				CLANG_WARN_ENUM_CONVERSION = YES;
				CLANG_WARN_INT_CONVERSION = YES;
				CLANG_WARN_OBJC_ROOT_CLASS = YES_ERROR;
				CLANG_WARN__DUPLICATE_METHOD_MATCH = YES;
				"CODE_SIGN_IDENTITY[sdk=iphoneos*]" = "iPhone Developer";
				COPY_PHASE_STRIP = YES;
				ENABLE_NS_ASSERTIONS = NO;
				GCC_C_LANGUAGE_STANDARD = gnu99;
				GCC_WARN_64_TO_32_BIT_CONVERSION = YES;
				GCC_WARN_ABOUT_RETURN_TYPE = YES_ERROR;
				GCC_WARN_UNDECLARED_SELECTOR = YES;
				GCC_WARN_UNINITIALIZED_AUTOS = YES_AGGRESSIVE;
				GCC_WARN_UNUSED_FUNCTION = YES;
				GCC_WARN_UNUSED_VARIABLE = YES;
				IPHONEOS_DEPLOYMENT_TARGET = 7.1;
				SDKROOT = iphoneos;
				VALIDATE_PRODUCT = YES;
			};
			name = Release;
		};
		7BC47F1F196143C800EC945A /* Debug */ = {
			isa = XCBuildConfiguration;
			buildSettings = {
				ASSETCATALOG_COMPILER_APPICON_NAME = AppIcon;
				ASSETCATALOG_COMPILER_LAUNCHIMAGE_NAME = LaunchImage;
				FRAMEWORK_SEARCH_PATHS = (
					"$(inherited)",
					"$(PROJECT_DIR)",
				);
				GCC_PRECOMPILE_PREFIX_HEADER = YES;
				GCC_PREFIX_HEADER = "OpenCVDemo/OpenCVDemo-Prefix.pch";
				INFOPLIST_FILE = "OpenCVDemo/OpenCVDemo-Info.plist";
				PRODUCT_NAME = "$(TARGET_NAME)";
				WRAPPER_EXTENSION = app;
			};
			name = Debug;
		};
		7BC47F20196143C800EC945A /* Release */ = {
			isa = XCBuildConfiguration;
			buildSettings = {
				ASSETCATALOG_COMPILER_APPICON_NAME = AppIcon;
				ASSETCATALOG_COMPILER_LAUNCHIMAGE_NAME = LaunchImage;
				FRAMEWORK_SEARCH_PATHS = (
					"$(inherited)",
					"$(PROJECT_DIR)",
				);
				GCC_PRECOMPILE_PREFIX_HEADER = YES;
				GCC_PREFIX_HEADER = "OpenCVDemo/OpenCVDemo-Prefix.pch";
				INFOPLIST_FILE = "OpenCVDemo/OpenCVDemo-Info.plist";
				PRODUCT_NAME = "$(TARGET_NAME)";
				WRAPPER_EXTENSION = app;
			};
			name = Release;
		};
		7BC47F22196143C800EC945A /* Debug */ = {
			isa = XCBuildConfiguration;
			buildSettings = {
				BUNDLE_LOADER = "$(BUILT_PRODUCTS_DIR)/OpenCVDemo.app/OpenCVDemo";
				FRAMEWORK_SEARCH_PATHS = (
					"$(SDKROOT)/Developer/Library/Frameworks",
					"$(inherited)",
					"$(DEVELOPER_FRAMEWORKS_DIR)",
				);
				GCC_PRECOMPILE_PREFIX_HEADER = YES;
				GCC_PREFIX_HEADER = "OpenCVDemo/OpenCVDemo-Prefix.pch";
				GCC_PREPROCESSOR_DEFINITIONS = (
					"DEBUG=1",
					"$(inherited)",
				);
				INFOPLIST_FILE = "OpenCVDemoTests/OpenCVDemoTests-Info.plist";
				PRODUCT_NAME = "$(TARGET_NAME)";
				TEST_HOST = "$(BUNDLE_LOADER)";
				WRAPPER_EXTENSION = xctest;
			};
			name = Debug;
		};
		7BC47F23196143C800EC945A /* Release */ = {
			isa = XCBuildConfiguration;
			buildSettings = {
				BUNDLE_LOADER = "$(BUILT_PRODUCTS_DIR)/OpenCVDemo.app/OpenCVDemo";
				FRAMEWORK_SEARCH_PATHS = (
					"$(SDKROOT)/Developer/Library/Frameworks",
					"$(inherited)",
					"$(DEVELOPER_FRAMEWORKS_DIR)",
				);
				GCC_PRECOMPILE_PREFIX_HEADER = YES;
				GCC_PREFIX_HEADER = "OpenCVDemo/OpenCVDemo-Prefix.pch";
				INFOPLIST_FILE = "OpenCVDemoTests/OpenCVDemoTests-Info.plist";
				PRODUCT_NAME = "$(TARGET_NAME)";
				TEST_HOST = "$(BUNDLE_LOADER)";
				WRAPPER_EXTENSION = xctest;
			};
			name = Release;
		};
/* End XCBuildConfiguration section */

/* Begin XCConfigurationList section */
		7BC47EED196143C700EC945A /* Build configuration list for PBXProject "OpenCVDemo" */ = {
			isa = XCConfigurationList;
			buildConfigurations = (
				7BC47F1C196143C800EC945A /* Debug */,
				7BC47F1D196143C800EC945A /* Release */,
			);
			defaultConfigurationIsVisible = 0;
			defaultConfigurationName = Release;
		};
		7BC47F1E196143C800EC945A /* Build configuration list for PBXNativeTarget "OpenCVDemo" */ = {
			isa = XCConfigurationList;
			buildConfigurations = (
				7BC47F1F196143C800EC945A /* Debug */,
				7BC47F20196143C800EC945A /* Release */,
			);
			defaultConfigurationIsVisible = 0;
			defaultConfigurationName = Release;
		};
		7BC47F21196143C800EC945A /* Build configuration list for PBXNativeTarget "OpenCVDemoTests" */ = {
			isa = XCConfigurationList;
			buildConfigurations = (
				7BC47F22196143C800EC945A /* Debug */,
				7BC47F23196143C800EC945A /* Release */,
			);
			defaultConfigurationIsVisible = 0;
			defaultConfigurationName = Release;
		};
/* End XCConfigurationList section */
	};
	rootObject = 7BC47EEA196143C700EC945A /* Project object */;
}
